
Microsoft Visual Studio Solution File, Format Version 12.00
Project("{FAE04EC0-301F-11D3-BF4B-00C04F79EFBC}") = "YouTubeMusicStreamer", "YouTubeMusicStreamer\YouTubeMusicStreamer.csproj", "{459AF3A6-9ED0-4093-90A8-2E6AED6CF5CE}"
EndProject
Project("{2150E333-8FDC-42A3-9474-1A3956D46DE8}") = "scripts", "scripts", "{C4AD9936-F0DF-1090-6077-3D4A6324E662}"
EndProject
Project("{FAE04EC0-301F-11D3-BF4B-00C04F79EFBC}") = "ThirdPartyLicenseGenerator", "scripts\ThirdPartyLicenseGenerator\ThirdPartyLicenseGenerator.csproj", "{322EA5B3-93CA-46CE-B4B2-B2F104810B4E}"
EndProject
Project("{FAE04EC0-301F-11D3-BF4B-00C04F79EFBC}") = "YouTubeMusicStreamer.Tests", "YouTubeMusicStreamer.Tests\YouTubeMusicStreamer.Tests.csproj", "{00F2CA6B-E996-402E-A629-95A0788CEE94}"
EndProject
Global
	GlobalSection(SolutionConfigurationPlatforms) = preSolution
		Debug|Any CPU = Debug|Any CPU
		Debug|x64 = Debug|x64
		Debug|x86 = Debug|x86
		Release|Any CPU = Release|Any CPU
		Release|x64 = Release|x64
		Release|x86 = Release|x86
	EndGlobalSection
	GlobalSection(ProjectConfigurationPlatforms) = postSolution
		{459AF3A6-9ED0-4093-90A8-2E6AED6CF5CE}.Debug|Any CPU.ActiveCfg = Debug|Any CPU
		{459AF3A6-9ED0-4093-90A8-2E6AED6CF5CE}.Debug|Any CPU.Build.0 = Debug|Any CPU
		{459AF3A6-9ED0-4093-90A8-2E6AED6CF5CE}.Debug|x64.ActiveCfg = Debug|Any CPU
		{459AF3A6-9ED0-4093-90A8-2E6AED6CF5CE}.Debug|x64.Build.0 = Debug|Any CPU
		{459AF3A6-9ED0-4093-90A8-2E6AED6CF5CE}.Debug|x86.ActiveCfg = Debug|Any CPU
		{459AF3A6-9ED0-4093-90A8-2E6AED6CF5CE}.Debug|x86.Build.0 = Debug|Any CPU
		{459AF3A6-9ED0-4093-90A8-2E6AED6CF5CE}.Release|Any CPU.ActiveCfg = Release|Any CPU
		{459AF3A6-9ED0-4093-90A8-2E6AED6CF5CE}.Release|Any CPU.Build.0 = Release|Any CPU
		{459AF3A6-9ED0-4093-90A8-2E6AED6CF5CE}.Release|x64.ActiveCfg = Release|Any CPU
		{459AF3A6-9ED0-4093-90A8-2E6AED6CF5CE}.Release|x64.Build.0 = Release|Any CPU
		{459AF3A6-9ED0-4093-90A8-2E6AED6CF5CE}.Release|x86.ActiveCfg = Release|Any CPU
		{459AF3A6-9ED0-4093-90A8-2E6AED6CF5CE}.Release|x86.Build.0 = Release|Any CPU
		{322EA5B3-93CA-46CE-B4B2-B2F104810B4E}.Debug|Any CPU.ActiveCfg = Debug|Any CPU
		{322EA5B3-93CA-46CE-B4B2-B2F104810B4E}.Debug|Any CPU.Build.0 = Debug|Any CPU
		{322EA5B3-93CA-46CE-B4B2-B2F104810B4E}.Debug|x64.ActiveCfg = Debug|Any CPU
		{322EA5B3-93CA-46CE-B4B2-B2F104810B4E}.Debug|x64.Build.0 = Debug|Any CPU
		{322EA5B3-93CA-46CE-B4B2-B2F104810B4E}.Debug|x86.ActiveCfg = Debug|Any CPU
		{322EA5B3-93CA-46CE-B4B2-B2F104810B4E}.Debug|x86.Build.0 = Debug|Any CPU
		{322EA5B3-93CA-46CE-B4B2-B2F104810B4E}.Release|Any CPU.ActiveCfg = Release|Any CPU
		{322EA5B3-93CA-46CE-B4B2-B2F104810B4E}.Release|Any CPU.Build.0 = Release|Any CPU
		{322EA5B3-93CA-46CE-B4B2-B2F104810B4E}.Release|x64.ActiveCfg = Release|Any CPU
		{322EA5B3-93CA-46CE-B4B2-B2F104810B4E}.Release|x64.Build.0 = Release|Any CPU
		{322EA5B3-93CA-46CE-B4B2-B2F104810B4E}.Release|x86.ActiveCfg = Release|Any CPU
		{322EA5B3-93CA-46CE-B4B2-B2F104810B4E}.Release|x86.Build.0 = Release|Any CPU
		{00F2CA6B-E996-402E-A629-95A0788CEE94}.Debug|Any CPU.ActiveCfg = Debug|Any CPU
		{00F2CA6B-E996-402E-A629-95A0788CEE94}.Debug|Any CPU.Build.0 = Debug|Any CPU
		{00F2CA6B-E996-402E-A629-95A0788CEE94}.Debug|x64.ActiveCfg = Debug|Any CPU
		{00F2CA6B-E996-402E-A629-95A0788CEE94}.Debug|x64.Build.0 = Debug|Any CPU
		{00F2CA6B-E996-402E-A629-95A0788CEE94}.Debug|x86.ActiveCfg = Debug|Any CPU
		{00F2CA6B-E996-402E-A629-95A0788CEE94}.Debug|x86.Build.0 = Debug|Any CPU
		{00F2CA6B-E996-402E-A629-95A0788CEE94}.Release|Any CPU.ActiveCfg = Release|Any CPU
		{00F2CA6B-E996-402E-A629-95A0788CEE94}.Release|Any CPU.Build.0 = Release|Any CPU
		{00F2CA6B-E996-402E-A629-95A0788CEE94}.Release|x64.ActiveCfg = Release|Any CPU
		{00F2CA6B-E996-402E-A629-95A0788CEE94}.Release|x64.Build.0 = Release|Any CPU
		{00F2CA6B-E996-402E-A629-95A0788CEE94}.Release|x86.ActiveCfg = Release|Any CPU
		{00F2CA6B-E996-402E-A629-95A0788CEE94}.Release|x86.Build.0 = Release|Any CPU
	EndGlobalSection
	GlobalSection(SolutionProperties) = preSolution
		HideSolutionNode = FALSE
	EndGlobalSection
	GlobalSection(NestedProjects) = preSolution
		{322EA5B3-93CA-46CE-B4B2-B2F104810B4E} = {C4AD9936-F0DF-1090-6077-3D4A6324E662}
	EndGlobalSection
EndGlobal
